
Microsoft Visual Studio Solution File, Format Version 12.00
# Visual Studio Version 17
VisualStudioVersion = 17.13.35818.85 d17.13
MinimumVisualStudioVersion = 10.0.40219.1
Project("{FAE04EC0-301F-11D3-BF4B-00C04F79EFBC}") = "CalculatorApp.WPF", "CalculatorApp.WPF\CalculatorApp.WPF.csproj", "{DCD936BC-FAD8-4885-9B13-B31DE0FD7B7F}"
EndProject
Global
	GlobalSection(SolutionConfigurationPlatforms) = preSolution
		Debug|Any CPU = Debug|Any CPU
		Release|Any CPU = Release|Any CPU
	EndGlobalSection
	GlobalSection(ProjectConfigurationPlatforms) = postSolution
		{DCD936BC-FAD8-4885-9B13-B31DE0FD7B7F}.Debug|Any CPU.ActiveCfg = Debug|Any CPU
		{DCD936BC-FAD8-4885-9B13-B31DE0FD7B7F}.Debug|Any CPU.Build.0 = Debug|Any CPU
		{DCD936BC-FAD8-4885-9B13-B31DE0FD7B7F}.Release|Any CPU.ActiveCfg = Release|Any CPU
		{DCD936BC-FAD8-4885-9B13-B31DE0FD7B7F}.Release|Any CPU.Build.0 = Release|Any CPU
	EndGlobalSection
	GlobalSection(SolutionProperties) = preSolution
		HideSolutionNode = FALSE
	EndGlobalSection
	GlobalSection(ExtensibilityGlobals) = postSolution
		SolutionGuid = {7CB1EFD7-EE22-478C-B700-1892CD7985A2}
	EndGlobalSection
EndGlobal
